
Microsoft Visual Studio Solution File, Format Version 12.00
# Visual Studio Version 17
VisualStudioVersion = 17.9.34701.34
MinimumVisualStudioVersion = 10.0.40219.1
Project("{9A19103F-16F7-4668-BE54-9A1E7A4F7556}") = "Proyecto_RAZOR", "Proyecto_RAZOR\Proyecto_RAZOR.csproj", "{816AB8E7-C43A-4ACD-ABD0-9CF736C63CDE}"
EndProject
Global
	GlobalSection(SolutionConfigurationPlatforms) = preSolution
		Debug|Any CPU = Debug|Any CPU
		Release|Any CPU = Release|Any CPU
	EndGlobalSection
	GlobalSection(ProjectConfigurationPlatforms) = postSolution
		{816AB8E7-C43A-4ACD-ABD0-9CF736C63CDE}.Debug|Any CPU.ActiveCfg = Debug|Any CPU
		{816AB8E7-C43A-4ACD-ABD0-9CF736C63CDE}.Debug|Any CPU.Build.0 = Debug|Any CPU
		{816AB8E7-C43A-4ACD-ABD0-9CF736C63CDE}.Release|Any CPU.ActiveCfg = Release|Any CPU
		{816AB8E7-C43A-4ACD-ABD0-9CF736C63CDE}.Release|Any CPU.Build.0 = Release|Any CPU
	EndGlobalSection
	GlobalSection(SolutionProperties) = preSolution
		HideSolutionNode = FALSE
	EndGlobalSection
	GlobalSection(ExtensibilityGlobals) = postSolution
		SolutionGuid = {46C3315E-1F17-478C-BE9D-9A79464E3EAC}
	EndGlobalSection
EndGlobal
